
Microsoft Visual Studio Solution File, Format Version 12.00
# Visual Studio Version 16
VisualStudioVersion = 16.0.29509.3
MinimumVisualStudioVersion = 10.0.40219.1
Project("{6EC3EE1D-3C4E-46DD-8F32-0CC8E7565705}") = "App", "App.fsproj", "{7CBA94F5-14F4-4474-8141-C7F9B8D297FD}"
EndProject
Global
	GlobalSection(SolutionConfigurationPlatforms) = preSolution
		Debug|Any CPU = Debug|Any CPU
		Release|Any CPU = Release|Any CPU
	EndGlobalSection
	GlobalSection(ProjectConfigurationPlatforms) = postSolution
		{7CBA94F5-14F4-4474-8141-C7F9B8D297FD}.Debug|Any CPU.ActiveCfg = Debug|Any CPU
		{7CBA94F5-14F4-4474-8141-C7F9B8D297FD}.Debug|Any CPU.Build.0 = Debug|Any CPU
		{7CBA94F5-14F4-4474-8141-C7F9B8D297FD}.Release|Any CPU.ActiveCfg = Release|Any CPU
		{7CBA94F5-14F4-4474-8141-C7F9B8D297FD}.Release|Any CPU.Build.0 = Release|Any CPU
	EndGlobalSection
	GlobalSection(SolutionProperties) = preSolution
		HideSolutionNode = FALSE
	EndGlobalSection
	GlobalSection(ExtensibilityGlobals) = postSolution
		SolutionGuid = {A7517BF5-58E5-47B7-B85F-A84ACF43BA4C}
	EndGlobalSection
EndGlobal
